
Microsoft Visual Studio Solution File, Format Version 12.00
# Visual Studio Version 17
VisualStudioVersion = 17.14.37111.16 d17.14
MinimumVisualStudioVersion = 10.0.40219.1
Project("{FAE04EC0-301F-11D3-BF4B-00C04F79EFBC}") = "webthibanglai", "webthibanglai\webthibanglai.csproj", "{FB37DA84-299F-43E0-86D3-1F62ECDE63D4}"
EndProject
Global
	GlobalSection(SolutionConfigurationPlatforms) = preSolution
		Debug|Any CPU = Debug|Any CPU
		Release|Any CPU = Release|Any CPU
	EndGlobalSection
	GlobalSection(ProjectConfigurationPlatforms) = postSolution
		{FB37DA84-299F-43E0-86D3-1F62ECDE63D4}.Debug|Any CPU.ActiveCfg = Debug|Any CPU
		{FB37DA84-299F-43E0-86D3-1F62ECDE63D4}.Debug|Any CPU.Build.0 = Debug|Any CPU
		{FB37DA84-299F-43E0-86D3-1F62ECDE63D4}.Release|Any CPU.ActiveCfg = Release|Any CPU
		{FB37DA84-299F-43E0-86D3-1F62ECDE63D4}.Release|Any CPU.Build.0 = Release|Any CPU
	EndGlobalSection
	GlobalSection(SolutionProperties) = preSolution
		HideSolutionNode = FALSE
	EndGlobalSection
	GlobalSection(ExtensibilityGlobals) = postSolution
		SolutionGuid = {645C5DB7-4DAE-4B8A-9DF8-A06A1DC945F1}
	EndGlobalSection
EndGlobal
